// !$*UTF8*$!
{
	archiveVersion = 1;
	classes = {
	};
	objectVersion = 46;
	objects = {

/* Begin PBXBuildFile section */
		C90F3F24196B138F00AC750A /* AppDelegate.swift in Sources */ = {isa = PBXBuildFile; fileRef = C90F3F23196B138F00AC750A /* AppDelegate.swift */; };
		C90F3F26196B138F00AC750A /* ViewController.swift in Sources */ = {isa = PBXBuildFile; fileRef = C90F3F25196B138F00AC750A /* ViewController.swift */; };
		C90F3F29196B138F00AC750A /* Main.storyboard in Resources */ = {isa = PBXBuildFile; fileRef = C90F3F27196B138F00AC750A /* Main.storyboard */; };
		C90F3F2B196B138F00AC750A /* Images.xcassets in Resources */ = {isa = PBXBuildFile; fileRef = C90F3F2A196B138F00AC750A /* Images.xcassets */; };
		C90F3F37196B138F00AC750A /* TwemeTests.swift in Sources */ = {isa = PBXBuildFile; fileRef = C90F3F36196B138F00AC750A /* TwemeTests.swift */; };
		C90F3F41196B145E00AC750A /* MemeRoster.swift in Sources */ = {isa = PBXBuildFile; fileRef = C90F3F40196B145E00AC750A /* MemeRoster.swift */; };
		C90F3F45196B1CD300AC750A /* meme1.jpg in Resources */ = {isa = PBXBuildFile; fileRef = C90F3F44196B1CD300AC750A /* meme1.jpg */; };
		C90F3F47196B1FD900AC750A /* MemeBook.swift in Sources */ = {isa = PBXBuildFile; fileRef = C90F3F46196B1FD900AC750A /* MemeBook.swift */; };
/* End PBXBuildFile section */

/* Begin PBXContainerItemProxy section */
		C90F3F31196B138F00AC750A /* PBXContainerItemProxy */ = {
			isa = PBXContainerItemProxy;
			containerPortal = C90F3F16196B138F00AC750A /* Project object */;
			proxyType = 1;
			remoteGlobalIDString = C90F3F1D196B138F00AC750A;
			remoteInfo = Tweme;
		};
/* End PBXContainerItemProxy section */

/* Begin PBXFileReference section */
		C90F3F1E196B138F00AC750A /* Tweme.app */ = {isa = PBXFileReference; explicitFileType = wrapper.application; includeInIndex = 0; path = Tweme.app; sourceTree = BUILT_PRODUCTS_DIR; };
		C90F3F22196B138F00AC750A /* Info.plist */ = {isa = PBXFileReference; lastKnownFileType = text.plist.xml; path = Info.plist; sourceTree = "<group>"; };
		C90F3F23196B138F00AC750A /* AppDelegate.swift */ = {isa = PBXFileReference; lastKnownFileType = sourcecode.swift; path = AppDelegate.swift; sourceTree = "<group>"; };
		C90F3F25196B138F00AC750A /* ViewController.swift */ = {isa = PBXFileReference; lastKnownFileType = sourcecode.swift; path = ViewController.swift; sourceTree = "<group>"; };
		C90F3F28196B138F00AC750A /* Base */ = {isa = PBXFileReference; lastKnownFileType = file.storyboard; name = Base; path = Base.lproj/Main.storyboard; sourceTree = "<group>"; };
		C90F3F2A196B138F00AC750A /* Images.xcassets */ = {isa = PBXFileReference; lastKnownFileType = folder.assetcatalog; path = Images.xcassets; sourceTree = "<group>"; };
		C90F3F30196B138F00AC750A /* TwemeTests.xctest */ = {isa = PBXFileReference; explicitFileType = wrapper.cfbundle; includeInIndex = 0; path = TwemeTests.xctest; sourceTree = BUILT_PRODUCTS_DIR; };
		C90F3F35196B138F00AC750A /* Info.plist */ = {isa = PBXFileReference; lastKnownFileType = text.plist.xml; path = Info.plist; sourceTree = "<group>"; };
		C90F3F36196B138F00AC750A /* TwemeTests.swift */ = {isa = PBXFileReference; lastKnownFileType = sourcecode.swift; path = TwemeTests.swift; sourceTree = "<group>"; };
		C90F3F40196B145E00AC750A /* MemeRoster.swift */ = {isa = PBXFileReference; fileEncoding = 4; lastKnownFileType = sourcecode.swift; path = MemeRoster.swift; sourceTree = "<group>"; };
		C90F3F44196B1CD300AC750A /* meme1.jpg */ = {isa = PBXFileReference; lastKnownFileType = image.jpeg; name = meme1.jpg; path = Images.xcassets/meme1.jpg; sourceTree = "<group>"; };
		C90F3F46196B1FD900AC750A /* MemeBook.swift */ = {isa = PBXFileReference; fileEncoding = 4; lastKnownFileType = sourcecode.swift; path = MemeBook.swift; sourceTree = "<group>"; };
/* End PBXFileReference section */

/* Begin PBXFrameworksBuildPhase section */
		C90F3F1B196B138F00AC750A /* Frameworks */ = {
			isa = PBXFrameworksBuildPhase;
			buildActionMask = 2147483647;
			files = (
			);
			runOnlyForDeploymentPostprocessing = 0;
		};
		C90F3F2D196B138F00AC750A /* Frameworks */ = {
			isa = PBXFrameworksBuildPhase;
			buildActionMask = 2147483647;
			files = (
			);
			runOnlyForDeploymentPostprocessing = 0;
		};
/* End PBXFrameworksBuildPhase section */

/* Begin PBXGroup section */
		C90F3F15196B138F00AC750A = {
			isa = PBXGroup;
			children = (
				C90F3F20196B138F00AC750A /* Tweme */,
				C90F3F33196B138F00AC750A /* TwemeTests */,
				C90F3F1F196B138F00AC750A /* Products */,
			);
			sourceTree = "<group>";
		};
		C90F3F1F196B138F00AC750A /* Products */ = {
			isa = PBXGroup;
			children = (
				C90F3F1E196B138F00AC750A /* Tweme.app */,
				C90F3F30196B138F00AC750A /* TwemeTests.xctest */,
			);
			name = Products;
			sourceTree = "<group>";
		};
		C90F3F20196B138F00AC750A /* Tweme */ = {
			isa = PBXGroup;
			children = (
				C90F3F23196B138F00AC750A /* AppDelegate.swift */,
				C90F3F25196B138F00AC750A /* ViewController.swift */,
				C90F3F46196B1FD900AC750A /* MemeBook.swift */,
				C90F3F40196B145E00AC750A /* MemeRoster.swift */,
				C90F3F27196B138F00AC750A /* Main.storyboard */,
				C90F3F2A196B138F00AC750A /* Images.xcassets */,
				C90F3F44196B1CD300AC750A /* meme1.jpg */,
				C90F3F21196B138F00AC750A /* Supporting Files */,
			);
			path = Tweme;
			sourceTree = "<group>";
		};
		C90F3F21196B138F00AC750A /* Supporting Files */ = {
			isa = PBXGroup;
			children = (
				C90F3F22196B138F00AC750A /* Info.plist */,
			);
			name = "Supporting Files";
			sourceTree = "<group>";
		};
		C90F3F33196B138F00AC750A /* TwemeTests */ = {
			isa = PBXGroup;
			children = (
				C90F3F36196B138F00AC750A /* TwemeTests.swift */,
				C90F3F34196B138F00AC750A /* Supporting Files */,
			);
			path = TwemeTests;
			sourceTree = "<group>";
		};
		C90F3F34196B138F00AC750A /* Supporting Files */ = {
			isa = PBXGroup;
			children = (
				C90F3F35196B138F00AC750A /* Info.plist */,
			);
			name = "Supporting Files";
			sourceTree = "<group>";
		};
/* End PBXGroup section */

/* Begin PBXNativeTarget section */
		C90F3F1D196B138F00AC750A /* Tweme */ = {
			isa = PBXNativeTarget;
			buildConfigurationList = C90F3F3A196B138F00AC750A /* Build configuration list for PBXNativeTarget "Tweme" */;
			buildPhases = (
				C90F3F1A196B138F00AC750A /* Sources */,
				C90F3F1B196B138F00AC750A /* Frameworks */,
				C90F3F1C196B138F00AC750A /* Resources */,
			);
			buildRules = (
			);
			dependencies = (
			);
			name = Tweme;
			productName = Tweme;
			productReference = C90F3F1E196B138F00AC750A /* Tweme.app */;
			productType = "com.apple.product-type.application";
		};
		C90F3F2F196B138F00AC750A /* TwemeTests */ = {
			isa = PBXNativeTarget;
			buildConfigurationList = C90F3F3D196B138F00AC750A /* Build configuration list for PBXNativeTarget "TwemeTests" */;
			buildPhases = (
				C90F3F2C196B138F00AC750A /* Sources */,
				C90F3F2D196B138F00AC750A /* Frameworks */,
				C90F3F2E196B138F00AC750A /* Resources */,
			);
			buildRules = (
			);
			dependencies = (
				C90F3F32196B138F00AC750A /* PBXTargetDependency */,
			);
			name = TwemeTests;
			productName = TwemeTests;
			productReference = C90F3F30196B138F00AC750A /* TwemeTests.xctest */;
			productType = "com.apple.product-type.bundle.unit-test";
		};
/* End PBXNativeTarget section */

/* Begin PBXProject section */
		C90F3F16196B138F00AC750A /* Project object */ = {
			isa = PBXProject;
			attributes = {
				LastUpgradeCheck = 0600;
				ORGANIZATIONNAME = Twitter;
				TargetAttributes = {
					C90F3F1D196B138F00AC750A = {
						CreatedOnToolsVersion = 6.0;
					};
					C90F3F2F196B138F00AC750A = {
						CreatedOnToolsVersion = 6.0;
						TestTargetID = C90F3F1D196B138F00AC750A;
					};
				};
			};
			buildConfigurationList = C90F3F19196B138F00AC750A /* Build configuration list for PBXProject "Tweme" */;
			compatibilityVersion = "Xcode 3.2";
			developmentRegion = English;
			hasScannedForEncodings = 0;
			knownRegions = (
				en,
				Base,
			);
			mainGroup = C90F3F15196B138F00AC750A;
			productRefGroup = C90F3F1F196B138F00AC750A /* Products */;
			projectDirPath = "";
			projectRoot = "";
			targets = (
				C90F3F1D196B138F00AC750A /* Tweme */,
				C90F3F2F196B138F00AC750A /* TwemeTests */,
			);
		};
/* End PBXProject section */

/* Begin PBXResourcesBuildPhase section */
		C90F3F1C196B138F00AC750A /* Resources */ = {
			isa = PBXResourcesBuildPhase;
			buildActionMask = 2147483647;
			files = (
				C90F3F45196B1CD300AC750A /* meme1.jpg in Resources */,
				C90F3F29196B138F00AC750A /* Main.storyboard in Resources */,
				C90F3F2B196B138F00AC750A /* Images.xcassets in Resources */,
			);
			runOnlyForDeploymentPostprocessing = 0;
		};
		C90F3F2E196B138F00AC750A /* Resources */ = {
			isa = PBXResourcesBuildPhase;
			buildActionMask = 2147483647;
			files = (
			);
			runOnlyForDeploymentPostprocessing = 0;
		};
/* End PBXResourcesBuildPhase section */

/* Begin PBXSourcesBuildPhase section */
		C90F3F1A196B138F00AC750A /* Sources */ = {
			isa = PBXSourcesBuildPhase;
			buildActionMask = 2147483647;
			files = (
				C90F3F47196B1FD900AC750A /* MemeBook.swift in Sources */,
				C90F3F41196B145E00AC750A /* MemeRoster.swift in Sources */,
				C90F3F26196B138F00AC750A /* ViewController.swift in Sources */,
				C90F3F24196B138F00AC750A /* AppDelegate.swift in Sources */,
			);
			runOnlyForDeploymentPostprocessing = 0;
		};
		C90F3F2C196B138F00AC750A /* Sources */ = {
			isa = PBXSourcesBuildPhase;
			buildActionMask = 2147483647;
			files = (
				C90F3F37196B138F00AC750A /* TwemeTests.swift in Sources */,
			);
			runOnlyForDeploymentPostprocessing = 0;
		};
/* End PBXSourcesBuildPhase section */

/* Begin PBXTargetDependency section */
		C90F3F32196B138F00AC750A /* PBXTargetDependency */ = {
			isa = PBXTargetDependency;
			target = C90F3F1D196B138F00AC750A /* Tweme */;
			targetProxy = C90F3F31196B138F00AC750A /* PBXContainerItemProxy */;
		};
/* End PBXTargetDependency section */

/* Begin PBXVariantGroup section */
		C90F3F27196B138F00AC750A /* Main.storyboard */ = {
			isa = PBXVariantGroup;
			children = (
				C90F3F28196B138F00AC750A /* Base */,
			);
			name = Main.storyboard;
			sourceTree = "<group>";
		};
/* End PBXVariantGroup section */

/* Begin XCBuildConfiguration section */
		C90F3F38196B138F00AC750A /* Debug */ = {
			isa = XCBuildConfiguration;
			buildSettings = {
				ALWAYS_SEARCH_USER_PATHS = NO;
				CLANG_CXX_LANGUAGE_STANDARD = "gnu++0x";
				CLANG_CXX_LIBRARY = "libc++";
				CLANG_ENABLE_MODULES = YES;
				CLANG_ENABLE_OBJC_ARC = YES;
				CLANG_WARN_BOOL_CONVERSION = YES;
				CLANG_WARN_CONSTANT_CONVERSION = YES;
				CLANG_WARN_DIRECT_OBJC_ISA_USAGE = YES_ERROR;
				CLANG_WARN_EMPTY_BODY = YES;
				CLANG_WARN_ENUM_CONVERSION = YES;
				CLANG_WARN_INT_CONVERSION = YES;
				CLANG_WARN_OBJC_ROOT_CLASS = YES_ERROR;
				CLANG_WARN_UNREACHABLE_CODE = YES;
				CLANG_WARN__DUPLICATE_METHOD_MATCH = YES;
				"CODE_SIGN_IDENTITY[sdk=iphoneos*]" = "iPhone Developer";
				COPY_PHASE_STRIP = NO;
				ENABLE_STRICT_OBJC_MSGSEND = YES;
				GCC_C_LANGUAGE_STANDARD = gnu99;
				GCC_DYNAMIC_NO_PIC = NO;
				GCC_OPTIMIZATION_LEVEL = 0;
				GCC_PREPROCESSOR_DEFINITIONS = (
					"DEBUG=1",
					"$(inherited)",
				);
				GCC_SYMBOLS_PRIVATE_EXTERN = NO;
				GCC_WARN_64_TO_32_BIT_CONVERSION = YES;
				GCC_WARN_ABOUT_RETURN_TYPE = YES_ERROR;
				GCC_WARN_UNDECLARED_SELECTOR = YES;
				GCC_WARN_UNINITIALIZED_AUTOS = YES_AGGRESSIVE;
				GCC_WARN_UNUSED_FUNCTION = YES;
				GCC_WARN_UNUSED_VARIABLE = YES;
				IPHONEOS_DEPLOYMENT_TARGET = 8.0;
				METAL_ENABLE_DEBUG_INFO = YES;
				ONLY_ACTIVE_ARCH = YES;
				SDKROOT = iphoneos;
				SWIFT_OPTIMIZATION_LEVEL = "-Onone";
			};
			name = Debug;
		};
		C90F3F39196B138F00AC750A /* Release */ = {
			isa = XCBuildConfiguration;
			buildSettings = {
				ALWAYS_SEARCH_USER_PATHS = NO;
				CLANG_CXX_LANGUAGE_STANDARD = "gnu++0x";
				CLANG_CXX_LIBRARY = "libc++";
				CLANG_ENABLE_MODULES = YES;
				CLANG_ENABLE_OBJC_ARC = YES;
				CLANG_WARN_BOOL_CONVERSION = YES;
				CLANG_WARN_CONSTANT_CONVERSION = YES;
				CLANG_WARN_DIRECT_OBJC_ISA_USAGE = YES_ERROR;
				CLANG_WARN_EMPTY_BODY = YES;
				CLANG_WARN_ENUM_CONVERSION = YES;
				CLANG_WARN_INT_CONVERSION = YES;
				CLANG_WARN_OBJC_ROOT_CLASS = YES_ERROR;
				CLANG_WARN_UNREACHABLE_CODE = YES;
				CLANG_WARN__DUPLICATE_METHOD_MATCH = YES;
				"CODE_SIGN_IDENTITY[sdk=iphoneos*]" = "iPhone Developer";
				COPY_PHASE_STRIP = YES;
				ENABLE_NS_ASSERTIONS = NO;
				ENABLE_STRICT_OBJC_MSGSEND = YES;
				GCC_C_LANGUAGE_STANDARD = gnu99;
				GCC_WARN_64_TO_32_BIT_CONVERSION = YES;
				GCC_WARN_ABOUT_RETURN_TYPE = YES_ERROR;
				GCC_WARN_UNDECLARED_SELECTOR = YES;
				GCC_WARN_UNINITIALIZED_AUTOS = YES_AGGRESSIVE;
				GCC_WARN_UNUSED_FUNCTION = YES;
				GCC_WARN_UNUSED_VARIABLE = YES;
				IPHONEOS_DEPLOYMENT_TARGET = 8.0;
				METAL_ENABLE_DEBUG_INFO = NO;
				SDKROOT = iphoneos;
				VALIDATE_PRODUCT = YES;
			};
			name = Release;
		};
		C90F3F3B196B138F00AC750A /* Debug */ = {
			isa = XCBuildConfiguration;
			buildSettings = {
				ASSETCATALOG_COMPILER_APPICON_NAME = AppIcon;
				ASSETCATALOG_COMPILER_LAUNCHIMAGE_NAME = LaunchImage;
				INFOPLIST_FILE = Tweme/Info.plist;
				LD_RUNPATH_SEARCH_PATHS = "$(inherited) @executable_path/Frameworks";
				PRODUCT_NAME = "$(TARGET_NAME)";
			};
			name = Debug;
		};
		C90F3F3C196B138F00AC750A /* Release */ = {
			isa = XCBuildConfiguration;
			buildSettings = {
				ASSETCATALOG_COMPILER_APPICON_NAME = AppIcon;
				ASSETCATALOG_COMPILER_LAUNCHIMAGE_NAME = LaunchImage;
				INFOPLIST_FILE = Tweme/Info.plist;
				LD_RUNPATH_SEARCH_PATHS = "$(inherited) @executable_path/Frameworks";
				PRODUCT_NAME = "$(TARGET_NAME)";
			};
			name = Release;
		};
		C90F3F3E196B138F00AC750A /* Debug */ = {
			isa = XCBuildConfiguration;
			buildSettings = {
				BUNDLE_LOADER = "$(BUILT_PRODUCTS_DIR)/Tweme.app/Tweme";
				FRAMEWORK_SEARCH_PATHS = (
					"$(SDKROOT)/Developer/Library/Frameworks",
					"$(inherited)",
				);
				GCC_PREPROCESSOR_DEFINITIONS = (
					"DEBUG=1",
					"$(inherited)",
				);
				INFOPLIST_FILE = TwemeTests/Info.plist;
				LD_RUNPATH_SEARCH_PATHS = "$(inherited) @executable_path/Frameworks @loader_path/Frameworks";
				METAL_ENABLE_DEBUG_INFO = YES;
				PRODUCT_NAME = "$(TARGET_NAME)";
				TEST_HOST = "$(BUNDLE_LOADER)";
			};
			name = Debug;
		};
		C90F3F3F196B138F00AC750A /* Release */ = {
			isa = XCBuildConfiguration;
			buildSettings = {
				BUNDLE_LOADER = "$(BUILT_PRODUCTS_DIR)/Tweme.app/Tweme";
				FRAMEWORK_SEARCH_PATHS = (
					"$(SDKROOT)/Developer/Library/Frameworks",
					"$(inherited)",
				);
				INFOPLIST_FILE = TwemeTests/Info.plist;
				LD_RUNPATH_SEARCH_PATHS = "$(inherited) @executable_path/Frameworks @loader_path/Frameworks";
				METAL_ENABLE_DEBUG_INFO = NO;
				PRODUCT_NAME = "$(TARGET_NAME)";
				TEST_HOST = "$(BUNDLE_LOADER)";
			};
			name = Release;
		};
/* End XCBuildConfiguration section */

/* Begin XCConfigurationList section */
		C90F3F19196B138F00AC750A /* Build configuration list for PBXProject "Tweme" */ = {
			isa = XCConfigurationList;
			buildConfigurations = (
				C90F3F38196B138F00AC750A /* Debug */,
				C90F3F39196B138F00AC750A /* Release */,
			);
			defaultConfigurationIsVisible = 0;
			defaultConfigurationName = Release;
		};
		C90F3F3A196B138F00AC750A /* Build configuration list for PBXNativeTarget "Tweme" */ = {
			isa = XCConfigurationList;
			buildConfigurations = (
				C90F3F3B196B138F00AC750A /* Debug */,
				C90F3F3C196B138F00AC750A /* Release */,
			);
			defaultConfigurationIsVisible = 0;
		};
		C90F3F3D196B138F00AC750A /* Build configuration list for PBXNativeTarget "TwemeTests" */ = {
			isa = XCConfigurationList;
			buildConfigurations = (
				C90F3F3E196B138F00AC750A /* Debug */,
				C90F3F3F196B138F00AC750A /* Release */,
			);
			defaultConfigurationIsVisible = 0;
		};
/* End XCConfigurationList section */
	};
	rootObject = C90F3F16196B138F00AC750A /* Project object */;
}
